// !$*UTF8*$!
{
	archiveVersion = 1;
	classes = {
	};
	objectVersion = 50;
	objects = {

/* Begin PBXBuildFile section */
		68D282652382A11B00765A09 /* AppDelegate.swift in Sources */ = {isa = PBXBuildFile; fileRef = 68D282642382A11B00765A09 /* AppDelegate.swift */; };
		68D282672382A11B00765A09 /* SceneDelegate.swift in Sources */ = {isa = PBXBuildFile; fileRef = 68D282662382A11B00765A09 /* SceneDelegate.swift */; };
		68D282692382A11B00765A09 /* ViewController.swift in Sources */ = {isa = PBXBuildFile; fileRef = 68D282682382A11B00765A09 /* ViewController.swift */; };
		68D2826C2382A11B00765A09 /* Main.storyboard in Resources */ = {isa = PBXBuildFile; fileRef = 68D2826A2382A11B00765A09 /* Main.storyboard */; };
		68D2826F2382A11B00765A09 /* appSwoosh.xcdatamodeld in Sources */ = {isa = PBXBuildFile; fileRef = 68D2826D2382A11B00765A09 /* appSwoosh.xcdatamodeld */; };
		68D282712382A11C00765A09 /* Assets.xcassets in Resources */ = {isa = PBXBuildFile; fileRef = 68D282702382A11C00765A09 /* Assets.xcassets */; };
		68D282742382A11C00765A09 /* LaunchScreen.storyboard in Resources */ = {isa = PBXBuildFile; fileRef = 68D282722382A11C00765A09 /* LaunchScreen.storyboard */; };
		68D2827F2382A11C00765A09 /* appSwooshTests.swift in Sources */ = {isa = PBXBuildFile; fileRef = 68D2827E2382A11C00765A09 /* appSwooshTests.swift */; };
		68D2828A2382A11C00765A09 /* appSwooshUITests.swift in Sources */ = {isa = PBXBuildFile; fileRef = 68D282892382A11C00765A09 /* appSwooshUITests.swift */; };
/* End PBXBuildFile section */

/* Begin PBXContainerItemProxy section */
		68D2827B2382A11C00765A09 /* PBXContainerItemProxy */ = {
			isa = PBXContainerItemProxy;
			containerPortal = 68D282592382A11B00765A09 /* Project object */;
			proxyType = 1;
			remoteGlobalIDString = 68D282602382A11B00765A09;
			remoteInfo = appSwoosh;
		};
		68D282862382A11C00765A09 /* PBXContainerItemProxy */ = {
			isa = PBXContainerItemProxy;
			containerPortal = 68D282592382A11B00765A09 /* Project object */;
			proxyType = 1;
			remoteGlobalIDString = 68D282602382A11B00765A09;
			remoteInfo = appSwoosh;
		};
/* End PBXContainerItemProxy section */

/* Begin PBXFileReference section */
		68D282612382A11B00765A09 /* appSwoosh.app */ = {isa = PBXFileReference; explicitFileType = wrapper.application; includeInIndex = 0; path = appSwoosh.app; sourceTree = BUILT_PRODUCTS_DIR; };
		68D282642382A11B00765A09 /* AppDelegate.swift */ = {isa = PBXFileReference; lastKnownFileType = sourcecode.swift; path = AppDelegate.swift; sourceTree = "<group>"; };
		68D282662382A11B00765A09 /* SceneDelegate.swift */ = {isa = PBXFileReference; lastKnownFileType = sourcecode.swift; path = SceneDelegate.swift; sourceTree = "<group>"; };
		68D282682382A11B00765A09 /* ViewController.swift */ = {isa = PBXFileReference; lastKnownFileType = sourcecode.swift; path = ViewController.swift; sourceTree = "<group>"; };
		68D2826B2382A11B00765A09 /* Base */ = {isa = PBXFileReference; lastKnownFileType = file.storyboard; name = Base; path = Base.lproj/Main.storyboard; sourceTree = "<group>"; };
		68D2826E2382A11B00765A09 /* appSwoosh.xcdatamodel */ = {isa = PBXFileReference; lastKnownFileType = wrapper.xcdatamodel; path = appSwoosh.xcdatamodel; sourceTree = "<group>"; };
		68D282702382A11C00765A09 /* Assets.xcassets */ = {isa = PBXFileReference; lastKnownFileType = folder.assetcatalog; path = Assets.xcassets; sourceTree = "<group>"; };
		68D282732382A11C00765A09 /* Base */ = {isa = PBXFileReference; lastKnownFileType = file.storyboard; name = Base; path = Base.lproj/LaunchScreen.storyboard; sourceTree = "<group>"; };
		68D282752382A11C00765A09 /* Info.plist */ = {isa = PBXFileReference; lastKnownFileType = text.plist.xml; path = Info.plist; sourceTree = "<group>"; };
		68D2827A2382A11C00765A09 /* appSwooshTests.xctest */ = {isa = PBXFileReference; explicitFileType = wrapper.cfbundle; includeInIndex = 0; path = appSwooshTests.xctest; sourceTree = BUILT_PRODUCTS_DIR; };
		68D2827E2382A11C00765A09 /* appSwooshTests.swift */ = {isa = PBXFileReference; lastKnownFileType = sourcecode.swift; path = appSwooshTests.swift; sourceTree = "<group>"; };
		68D282802382A11C00765A09 /* Info.plist */ = {isa = PBXFileReference; lastKnownFileType = text.plist.xml; path = Info.plist; sourceTree = "<group>"; };
		68D282852382A11C00765A09 /* appSwooshUITests.xctest */ = {isa = PBXFileReference; explicitFileType = wrapper.cfbundle; includeInIndex = 0; path = appSwooshUITests.xctest; sourceTree = BUILT_PRODUCTS_DIR; };
		68D282892382A11C00765A09 /* appSwooshUITests.swift */ = {isa = PBXFileReference; lastKnownFileType = sourcecode.swift; path = appSwooshUITests.swift; sourceTree = "<group>"; };
		68D2828B2382A11C00765A09 /* Info.plist */ = {isa = PBXFileReference; lastKnownFileType = text.plist.xml; path = Info.plist; sourceTree = "<group>"; };
/* End PBXFileReference section */

/* Begin PBXFrameworksBuildPhase section */
		68D2825E2382A11B00765A09 /* Frameworks */ = {
			isa = PBXFrameworksBuildPhase;
			buildActionMask = 2147483647;
			files = (
			);
			runOnlyForDeploymentPostprocessing = 0;
		};
		68D282772382A11C00765A09 /* Frameworks */ = {
			isa = PBXFrameworksBuildPhase;
			buildActionMask = 2147483647;
			files = (
			);
			runOnlyForDeploymentPostprocessing = 0;
		};
		68D282822382A11C00765A09 /* Frameworks */ = {
			isa = PBXFrameworksBuildPhase;
			buildActionMask = 2147483647;
			files = (
			);
			runOnlyForDeploymentPostprocessing = 0;
		};
/* End PBXFrameworksBuildPhase section */

/* Begin PBXGroup section */
		68D282582382A11B00765A09 = {
			isa = PBXGroup;
			children = (
				68D282632382A11B00765A09 /* appSwoosh */,
				68D2827D2382A11C00765A09 /* appSwooshTests */,
				68D282882382A11C00765A09 /* appSwooshUITests */,
				68D282622382A11B00765A09 /* Products */,
			);
			sourceTree = "<group>";
		};
		68D282622382A11B00765A09 /* Products */ = {
			isa = PBXGroup;
			children = (
				68D282612382A11B00765A09 /* appSwoosh.app */,
				68D2827A2382A11C00765A09 /* appSwooshTests.xctest */,
				68D282852382A11C00765A09 /* appSwooshUITests.xctest */,
			);
			name = Products;
			sourceTree = "<group>";
		};
		68D282632382A11B00765A09 /* appSwoosh */ = {
			isa = PBXGroup;
			children = (
				68D282642382A11B00765A09 /* AppDelegate.swift */,
				68D282662382A11B00765A09 /* SceneDelegate.swift */,
				68D282682382A11B00765A09 /* ViewController.swift */,
				68D2826A2382A11B00765A09 /* Main.storyboard */,
				68D282702382A11C00765A09 /* Assets.xcassets */,
				68D282722382A11C00765A09 /* LaunchScreen.storyboard */,
				68D282752382A11C00765A09 /* Info.plist */,
				68D2826D2382A11B00765A09 /* appSwoosh.xcdatamodeld */,
			);
			path = appSwoosh;
			sourceTree = "<group>";
		};
		68D2827D2382A11C00765A09 /* appSwooshTests */ = {
			isa = PBXGroup;
			children = (
				68D2827E2382A11C00765A09 /* appSwooshTests.swift */,
				68D282802382A11C00765A09 /* Info.plist */,
			);
			path = appSwooshTests;
			sourceTree = "<group>";
		};
		68D282882382A11C00765A09 /* appSwooshUITests */ = {
			isa = PBXGroup;
			children = (
				68D282892382A11C00765A09 /* appSwooshUITests.swift */,
				68D2828B2382A11C00765A09 /* Info.plist */,
			);
			path = appSwooshUITests;
			sourceTree = "<group>";
		};
/* End PBXGroup section */

/* Begin PBXNativeTarget section */
		68D282602382A11B00765A09 /* appSwoosh */ = {
			isa = PBXNativeTarget;
			buildConfigurationList = 68D2828E2382A11C00765A09 /* Build configuration list for PBXNativeTarget "appSwoosh" */;
			buildPhases = (
				68D2825D2382A11B00765A09 /* Sources */,
				68D2825E2382A11B00765A09 /* Frameworks */,
				68D2825F2382A11B00765A09 /* Resources */,
			);
			buildRules = (
			);
			dependencies = (
			);
			name = appSwoosh;
			productName = appSwoosh;
			productReference = 68D282612382A11B00765A09 /* appSwoosh.app */;
			productType = "com.apple.product-type.application";
		};
		68D282792382A11C00765A09 /* appSwooshTests */ = {
			isa = PBXNativeTarget;
			buildConfigurationList = 68D282912382A11C00765A09 /* Build configuration list for PBXNativeTarget "appSwooshTests" */;
			buildPhases = (
				68D282762382A11C00765A09 /* Sources */,
				68D282772382A11C00765A09 /* Frameworks */,
				68D282782382A11C00765A09 /* Resources */,
			);
			buildRules = (
			);
			dependencies = (
				68D2827C2382A11C00765A09 /* PBXTargetDependency */,
			);
			name = appSwooshTests;
			productName = appSwooshTests;
			productReference = 68D2827A2382A11C00765A09 /* appSwooshTests.xctest */;
			productType = "com.apple.product-type.bundle.unit-test";
		};
		68D282842382A11C00765A09 /* appSwooshUITests */ = {
			isa = PBXNativeTarget;
			buildConfigurationList = 68D282942382A11C00765A09 /* Build configuration list for PBXNativeTarget "appSwooshUITests" */;
			buildPhases = (
				68D282812382A11C00765A09 /* Sources */,
				68D282822382A11C00765A09 /* Frameworks */,
				68D282832382A11C00765A09 /* Resources */,
			);
			buildRules = (
			);
			dependencies = (
				68D282872382A11C00765A09 /* PBXTargetDependency */,
			);
			name = appSwooshUITests;
			productName = appSwooshUITests;
			productReference = 68D282852382A11C00765A09 /* appSwooshUITests.xctest */;
			productType = "com.apple.product-type.bundle.ui-testing";
		};
/* End PBXNativeTarget section */

/* Begin PBXProject section */
		68D282592382A11B00765A09 /* Project object */ = {
			isa = PBXProject;
			attributes = {
				LastSwiftUpdateCheck = 1120;
				LastUpgradeCheck = 1120;
				ORGANIZATIONNAME = OnlineAuction;
				TargetAttributes = {
					68D282602382A11B00765A09 = {
						CreatedOnToolsVersion = 11.2.1;
					};
					68D282792382A11C00765A09 = {
						CreatedOnToolsVersion = 11.2.1;
						TestTargetID = 68D282602382A11B00765A09;
					};
					68D282842382A11C00765A09 = {
						CreatedOnToolsVersion = 11.2.1;
						TestTargetID = 68D282602382A11B00765A09;
					};
				};
			};
			buildConfigurationList = 68D2825C2382A11B00765A09 /* Build configuration list for PBXProject "appSwoosh" */;
			compatibilityVersion = "Xcode 9.3";
			developmentRegion = en;
			hasScannedForEncodings = 0;
			knownRegions = (
				en,
				Base,
			);
			mainGroup = 68D282582382A11B00765A09;
			productRefGroup = 68D282622382A11B00765A09 /* Products */;
			projectDirPath = "";
			projectRoot = "";
			targets = (
				68D282602382A11B00765A09 /* appSwoosh */,
				68D282792382A11C00765A09 /* appSwooshTests */,
				68D282842382A11C00765A09 /* appSwooshUITests */,
			);
		};
/* End PBXProject section */

/* Begin PBXResourcesBuildPhase section */
		68D2825F2382A11B00765A09 /* Resources */ = {
			isa = PBXResourcesBuildPhase;
			buildActionMask = 2147483647;
			files = (
				68D282742382A11C00765A09 /* LaunchScreen.storyboard in Resources */,
				68D282712382A11C00765A09 /* Assets.xcassets in Resources */,
				68D2826C2382A11B00765A09 /* Main.storyboard in Resources */,
			);
			runOnlyForDeploymentPostprocessing = 0;
		};
		68D282782382A11C00765A09 /* Resources */ = {
			isa = PBXResourcesBuildPhase;
			buildActionMask = 2147483647;
			files = (
			);
			runOnlyForDeploymentPostprocessing = 0;
		};
		68D282832382A11C00765A09 /* Resources */ = {
			isa = PBXResourcesBuildPhase;
			buildActionMask = 2147483647;
			files = (
			);
			runOnlyForDeploymentPostprocessing = 0;
		};
/* End PBXResourcesBuildPhase section */

/* Begin PBXSourcesBuildPhase section */
		68D2825D2382A11B00765A09 /* Sources */ = {
			isa = PBXSourcesBuildPhase;
			buildActionMask = 2147483647;
			files = (
				68D282692382A11B00765A09 /* ViewController.swift in Sources */,
				68D282652382A11B00765A09 /* AppDelegate.swift in Sources */,
				68D2826F2382A11B00765A09 /* appSwoosh.xcdatamodeld in Sources */,
				68D282672382A11B00765A09 /* SceneDelegate.swift in Sources */,
			);
			runOnlyForDeploymentPostprocessing = 0;
		};
		68D282762382A11C00765A09 /* Sources */ = {
			isa = PBXSourcesBuildPhase;
			buildActionMask = 2147483647;
			files = (
				68D2827F2382A11C00765A09 /* appSwooshTests.swift in Sources */,
			);
			runOnlyForDeploymentPostprocessing = 0;
		};
		68D282812382A11C00765A09 /* Sources */ = {
			isa = PBXSourcesBuildPhase;
			buildActionMask = 2147483647;
			files = (
				68D2828A2382A11C00765A09 /* appSwooshUITests.swift in Sources */,
			);
			runOnlyForDeploymentPostprocessing = 0;
		};
/* End PBXSourcesBuildPhase section */

/* Begin PBXTargetDependency section */
		68D2827C2382A11C00765A09 /* PBXTargetDependency */ = {
			isa = PBXTargetDependency;
			target = 68D282602382A11B00765A09 /* appSwoosh */;
			targetProxy = 68D2827B2382A11C00765A09 /* PBXContainerItemProxy */;
		};
		68D282872382A11C00765A09 /* PBXTargetDependency */ = {
			isa = PBXTargetDependency;
			target = 68D282602382A11B00765A09 /* appSwoosh */;
			targetProxy = 68D282862382A11C00765A09 /* PBXContainerItemProxy */;
		};
/* End PBXTargetDependency section */

/* Begin PBXVariantGroup section */
		68D2826A2382A11B00765A09 /* Main.storyboard */ = {
			isa = PBXVariantGroup;
			children = (
				68D2826B2382A11B00765A09 /* Base */,
			);
			name = Main.storyboard;
			sourceTree = "<group>";
		};
		68D282722382A11C00765A09 /* LaunchScreen.storyboard */ = {
			isa = PBXVariantGroup;
			children = (
				68D282732382A11C00765A09 /* Base */,
			);
			name = LaunchScreen.storyboard;
			sourceTree = "<group>";
		};
/* End PBXVariantGroup section */

/* Begin XCBuildConfiguration section */
		68D2828C2382A11C00765A09 /* Debug */ = {
			isa = XCBuildConfiguration;
			buildSettings = {
				ALWAYS_SEARCH_USER_PATHS = NO;
				CLANG_ANALYZER_NONNULL = YES;
				CLANG_ANALYZER_NUMBER_OBJECT_CONVERSION = YES_AGGRESSIVE;
				CLANG_CXX_LANGUAGE_STANDARD = "gnu++14";
				CLANG_CXX_LIBRARY = "libc++";
				CLANG_ENABLE_MODULES = YES;
				CLANG_ENABLE_OBJC_ARC = YES;
				CLANG_ENABLE_OBJC_WEAK = YES;
				CLANG_WARN_BLOCK_CAPTURE_AUTORELEASING = YES;
				CLANG_WARN_BOOL_CONVERSION = YES;
				CLANG_WARN_COMMA = YES;
				CLANG_WARN_CONSTANT_CONVERSION = YES;
				CLANG_WARN_DEPRECATED_OBJC_IMPLEMENTATIONS = YES;
				CLANG_WARN_DIRECT_OBJC_ISA_USAGE = YES_ERROR;
				CLANG_WARN_DOCUMENTATION_COMMENTS = YES;
				CLANG_WARN_EMPTY_BODY = YES;
				CLANG_WARN_ENUM_CONVERSION = YES;
				CLANG_WARN_INFINITE_RECURSION = YES;
				CLANG_WARN_INT_CONVERSION = YES;
				CLANG_WARN_NON_LITERAL_NULL_CONVERSION = YES;
				CLANG_WARN_OBJC_IMPLICIT_RETAIN_SELF = YES;
				CLANG_WARN_OBJC_LITERAL_CONVERSION = YES;
				CLANG_WARN_OBJC_ROOT_CLASS = YES_ERROR;
				CLANG_WARN_RANGE_LOOP_ANALYSIS = YES;
				CLANG_WARN_STRICT_PROTOTYPES = YES;
				CLANG_WARN_SUSPICIOUS_MOVE = YES;
				CLANG_WARN_UNGUARDED_AVAILABILITY = YES_AGGRESSIVE;
				CLANG_WARN_UNREACHABLE_CODE = YES;
				CLANG_WARN__DUPLICATE_METHOD_MATCH = YES;
				COPY_PHASE_STRIP = NO;
				DEBUG_INFORMATION_FORMAT = dwarf;
				ENABLE_STRICT_OBJC_MSGSEND = YES;
				ENABLE_TESTABILITY = YES;
				GCC_C_LANGUAGE_STANDARD = gnu11;
				GCC_DYNAMIC_NO_PIC = NO;
				GCC_NO_COMMON_BLOCKS = YES;
				GCC_OPTIMIZATION_LEVEL = 0;
				GCC_PREPROCESSOR_DEFINITIONS = (
					"DEBUG=1",
					"$(inherited)",
				);
				GCC_WARN_64_TO_32_BIT_CONVERSION = YES;
				GCC_WARN_ABOUT_RETURN_TYPE = YES_ERROR;
				GCC_WARN_UNDECLARED_SELECTOR = YES;
				GCC_WARN_UNINITIALIZED_AUTOS = YES_AGGRESSIVE;
				GCC_WARN_UNUSED_FUNCTION = YES;
				GCC_WARN_UNUSED_VARIABLE = YES;
				IPHONEOS_DEPLOYMENT_TARGET = 13.2;
				MTL_ENABLE_DEBUG_INFO = INCLUDE_SOURCE;
				MTL_FAST_MATH = YES;
				ONLY_ACTIVE_ARCH = YES;
				SDKROOT = iphoneos;
				SWIFT_ACTIVE_COMPILATION_CONDITIONS = DEBUG;
				SWIFT_OPTIMIZATION_LEVEL = "-Onone";
			};
			name = Debug;
		};
		68D2828D2382A11C00765A09 /* Release */ = {
			isa = XCBuildConfiguration;
			buildSettings = {
				ALWAYS_SEARCH_USER_PATHS = NO;
				CLANG_ANALYZER_NONNULL = YES;
				CLANG_ANALYZER_NUMBER_OBJECT_CONVERSION = YES_AGGRESSIVE;
				CLANG_CXX_LANGUAGE_STANDARD = "gnu++14";
				CLANG_CXX_LIBRARY = "libc++";
				CLANG_ENABLE_MODULES = YES;
				CLANG_ENABLE_OBJC_ARC = YES;
				CLANG_ENABLE_OBJC_WEAK = YES;
				CLANG_WARN_BLOCK_CAPTURE_AUTORELEASING = YES;
				CLANG_WARN_BOOL_CONVERSION = YES;
				CLANG_WARN_COMMA = YES;
				CLANG_WARN_CONSTANT_CONVERSION = YES;
				CLANG_WARN_DEPRECATED_OBJC_IMPLEMENTATIONS = YES;
				CLANG_WARN_DIRECT_OBJC_ISA_USAGE = YES_ERROR;
				CLANG_WARN_DOCUMENTATION_COMMENTS = YES;
				CLANG_WARN_EMPTY_BODY = YES;
				CLANG_WARN_ENUM_CONVERSION = YES;
				CLANG_WARN_INFINITE_RECURSION = YES;
				CLANG_WARN_INT_CONVERSION = YES;
				CLANG_WARN_NON_LITERAL_NULL_CONVERSION = YES;
				CLANG_WARN_OBJC_IMPLICIT_RETAIN_SELF = YES;
				CLANG_WARN_OBJC_LITERAL_CONVERSION = YES;
				CLANG_WARN_OBJC_ROOT_CLASS = YES_ERROR;
				CLANG_WARN_RANGE_LOOP_ANALYSIS = YES;
				CLANG_WARN_STRICT_PROTOTYPES = YES;
				CLANG_WARN_SUSPICIOUS_MOVE = YES;
				CLANG_WARN_UNGUARDED_AVAILABILITY = YES_AGGRESSIVE;
				CLANG_WARN_UNREACHABLE_CODE = YES;
				CLANG_WARN__DUPLICATE_METHOD_MATCH = YES;
				COPY_PHASE_STRIP = NO;
				DEBUG_INFORMATION_FORMAT = "dwarf-with-dsym";
				ENABLE_NS_ASSERTIONS = NO;
				ENABLE_STRICT_OBJC_MSGSEND = YES;
				GCC_C_LANGUAGE_STANDARD = gnu11;
				GCC_NO_COMMON_BLOCKS = YES;
				GCC_WARN_64_TO_32_BIT_CONVERSION = YES;
				GCC_WARN_ABOUT_RETURN_TYPE = YES_ERROR;
				GCC_WARN_UNDECLARED_SELECTOR = YES;
				GCC_WARN_UNINITIALIZED_AUTOS = YES_AGGRESSIVE;
				GCC_WARN_UNUSED_FUNCTION = YES;
				GCC_WARN_UNUSED_VARIABLE = YES;
				IPHONEOS_DEPLOYMENT_TARGET = 13.2;
				MTL_ENABLE_DEBUG_INFO = NO;
				MTL_FAST_MATH = YES;
				SDKROOT = iphoneos;
				SWIFT_COMPILATION_MODE = wholemodule;
				SWIFT_OPTIMIZATION_LEVEL = "-O";
				VALIDATE_PRODUCT = YES;
			};
			name = Release;
		};
		68D2828F2382A11C00765A09 /* Debug */ = {
			isa = XCBuildConfiguration;
			buildSettings = {
				ASSETCATALOG_COMPILER_APPICON_NAME = AppIcon;
				CODE_SIGN_STYLE = Automatic;
				DEVELOPMENT_TEAM = 5PBAAJNL49;
				INFOPLIST_FILE = appSwoosh/Info.plist;
				LD_RUNPATH_SEARCH_PATHS = (
					"$(inherited)",
					"@executable_path/Frameworks",
				);
				PRODUCT_BUNDLE_IDENTIFIER = OnlineAuction.appSwoosh;
				PRODUCT_NAME = "$(TARGET_NAME)";
				SWIFT_VERSION = 5.0;
				TARGETED_DEVICE_FAMILY = "1,2";
			};
			name = Debug;
		};
		68D282902382A11C00765A09 /* Release */ = {
			isa = XCBuildConfiguration;
			buildSettings = {
				ASSETCATALOG_COMPILER_APPICON_NAME = AppIcon;
				CODE_SIGN_STYLE = Automatic;
				DEVELOPMENT_TEAM = 5PBAAJNL49;
				INFOPLIST_FILE = appSwoosh/Info.plist;
				LD_RUNPATH_SEARCH_PATHS = (
					"$(inherited)",
					"@executable_path/Frameworks",
				);
				PRODUCT_BUNDLE_IDENTIFIER = OnlineAuction.appSwoosh;
				PRODUCT_NAME = "$(TARGET_NAME)";
				SWIFT_VERSION = 5.0;
				TARGETED_DEVICE_FAMILY = "1,2";
			};
			name = Release;
		};
		68D282922382A11C00765A09 /* Debug */ = {
			isa = XCBuildConfiguration;
			buildSettings = {
				ALWAYS_EMBED_SWIFT_STANDARD_LIBRARIES = YES;
				BUNDLE_LOADER = "$(TEST_HOST)";
				CODE_SIGN_STYLE = Automatic;
				DEVELOPMENT_TEAM = 5PBAAJNL49;
				INFOPLIST_FILE = appSwooshTests/Info.plist;
				IPHONEOS_DEPLOYMENT_TARGET = 13.2;
				LD_RUNPATH_SEARCH_PATHS = (
					"$(inherited)",
					"@executable_path/Frameworks",
					"@loader_path/Frameworks",
				);
				PRODUCT_BUNDLE_IDENTIFIER = OnlineAuction.appSwooshTests;
				PRODUCT_NAME = "$(TARGET_NAME)";
				SWIFT_VERSION = 5.0;
				TARGETED_DEVICE_FAMILY = "1,2";
				TEST_HOST = "$(BUILT_PRODUCTS_DIR)/appSwoosh.app/appSwoosh";
			};
			name = Debug;
		};
		68D282932382A11C00765A09 /* Release */ = {
			isa = XCBuildConfiguration;
			buildSettings = {
				ALWAYS_EMBED_SWIFT_STANDARD_LIBRARIES = YES;
				BUNDLE_LOADER = "$(TEST_HOST)";
				CODE_SIGN_STYLE = Automatic;
				DEVELOPMENT_TEAM = 5PBAAJNL49;
				INFOPLIST_FILE = appSwooshTests/Info.plist;
				IPHONEOS_DEPLOYMENT_TARGET = 13.2;
				LD_RUNPATH_SEARCH_PATHS = (
					"$(inherited)",
					"@executable_path/Frameworks",
					"@loader_path/Frameworks",
				);
				PRODUCT_BUNDLE_IDENTIFIER = OnlineAuction.appSwooshTests;
				PRODUCT_NAME = "$(TARGET_NAME)";
				SWIFT_VERSION = 5.0;
				TARGETED_DEVICE_FAMILY = "1,2";
				TEST_HOST = "$(BUILT_PRODUCTS_DIR)/appSwoosh.app/appSwoosh";
			};
			name = Release;
		};
		68D282952382A11C00765A09 /* Debug */ = {
			isa = XCBuildConfiguration;
			buildSettings = {
				ALWAYS_EMBED_SWIFT_STANDARD_LIBRARIES = YES;
				CODE_SIGN_STYLE = Automatic;
				DEVELOPMENT_TEAM = 5PBAAJNL49;
				INFOPLIST_FILE = appSwooshUITests/Info.plist;
				LD_RUNPATH_SEARCH_PATHS = (
					"$(inherited)",
					"@executable_path/Frameworks",
					"@loader_path/Frameworks",
				);
				PRODUCT_BUNDLE_IDENTIFIER = OnlineAuction.appSwooshUITests;
				PRODUCT_NAME = "$(TARGET_NAME)";
				SWIFT_VERSION = 5.0;
				TARGETED_DEVICE_FAMILY = "1,2";
				TEST_TARGET_NAME = appSwoosh;
			};
			name = Debug;
		};
		68D282962382A11C00765A09 /* Release */ = {
			isa = XCBuildConfiguration;
			buildSettings = {
				ALWAYS_EMBED_SWIFT_STANDARD_LIBRARIES = YES;
				CODE_SIGN_STYLE = Automatic;
				DEVELOPMENT_TEAM = 5PBAAJNL49;
				INFOPLIST_FILE = appSwooshUITests/Info.plist;
				LD_RUNPATH_SEARCH_PATHS = (
					"$(inherited)",
					"@executable_path/Frameworks",
					"@loader_path/Frameworks",
				);
				PRODUCT_BUNDLE_IDENTIFIER = OnlineAuction.appSwooshUITests;
				PRODUCT_NAME = "$(TARGET_NAME)";
				SWIFT_VERSION = 5.0;
				TARGETED_DEVICE_FAMILY = "1,2";
				TEST_TARGET_NAME = appSwoosh;
			};
			name = Release;
		};
/* End XCBuildConfiguration section */

/* Begin XCConfigurationList section */
		68D2825C2382A11B00765A09 /* Build configuration list for PBXProject "appSwoosh" */ = {
			isa = XCConfigurationList;
			buildConfigurations = (
				68D2828C2382A11C00765A09 /* Debug */,
				68D2828D2382A11C00765A09 /* Release */,
			);
			defaultConfigurationIsVisible = 0;
			defaultConfigurationName = Release;
		};
		68D2828E2382A11C00765A09 /* Build configuration list for PBXNativeTarget "appSwoosh" */ = {
			isa = XCConfigurationList;
			buildConfigurations = (
				68D2828F2382A11C00765A09 /* Debug */,
				68D282902382A11C00765A09 /* Release */,
			);
			defaultConfigurationIsVisible = 0;
			defaultConfigurationName = Release;
		};
		68D282912382A11C00765A09 /* Build configuration list for PBXNativeTarget "appSwooshTests" */ = {
			isa = XCConfigurationList;
			buildConfigurations = (
				68D282922382A11C00765A09 /* Debug */,
				68D282932382A11C00765A09 /* Release */,
			);
			defaultConfigurationIsVisible = 0;
			defaultConfigurationName = Release;
		};
		68D282942382A11C00765A09 /* Build configuration list for PBXNativeTarget "appSwooshUITests" */ = {
			isa = XCConfigurationList;
			buildConfigurations = (
				68D282952382A11C00765A09 /* Debug */,
				68D282962382A11C00765A09 /* Release */,
			);
			defaultConfigurationIsVisible = 0;
			defaultConfigurationName = Release;
		};
/* End XCConfigurationList section */

/* Begin XCVersionGroup section */
		68D2826D2382A11B00765A09 /* appSwoosh.xcdatamodeld */ = {
			isa = XCVersionGroup;
			children = (
				68D2826E2382A11B00765A09 /* appSwoosh.xcdatamodel */,
			);
			currentVersion = 68D2826E2382A11B00765A09 /* appSwoosh.xcdatamodel */;
			path = appSwoosh.xcdatamodeld;
			sourceTree = "<group>";
			versionGroupType = wrapper.xcdatamodel;
		};
/* End XCVersionGroup section */
	};
	rootObject = 68D282592382A11B00765A09 /* Project object */;
}
